
Microsoft Visual Studio Solution File, Format Version 12.00
# Visual Studio Version 17
VisualStudioVersion = 17.13.35931.197 d17.13
MinimumVisualStudioVersion = 10.0.40219.1
Project("{8BC9CEB8-8B4A-11D0-8D11-00A0C91BC942}") = "OOP_TemplatePairClass", "OOP_TemplatePairClass\OOP_TemplatePairClass.vcxproj", "{498746F0-97AA-449E-928D-8CDE62444C36}"
EndProject
Global
	GlobalSection(SolutionConfigurationPlatforms) = preSolution
		Debug|x64 = Debug|x64
		Debug|x86 = Debug|x86
		Release|x64 = Release|x64
		Release|x86 = Release|x86
	EndGlobalSection
	GlobalSection(ProjectConfigurationPlatforms) = postSolution
		{498746F0-97AA-449E-928D-8CDE62444C36}.Debug|x64.ActiveCfg = Debug|x64
		{498746F0-97AA-449E-928D-8CDE62444C36}.Debug|x64.Build.0 = Debug|x64
		{498746F0-97AA-449E-928D-8CDE62444C36}.Debug|x86.ActiveCfg = Debug|Win32
		{498746F0-97AA-449E-928D-8CDE62444C36}.Debug|x86.Build.0 = Debug|Win32
		{498746F0-97AA-449E-928D-8CDE62444C36}.Release|x64.ActiveCfg = Release|x64
		{498746F0-97AA-449E-928D-8CDE62444C36}.Release|x64.Build.0 = Release|x64
		{498746F0-97AA-449E-928D-8CDE62444C36}.Release|x86.ActiveCfg = Release|Win32
		{498746F0-97AA-449E-928D-8CDE62444C36}.Release|x86.Build.0 = Release|Win32
	EndGlobalSection
	GlobalSection(SolutionProperties) = preSolution
		HideSolutionNode = FALSE
	EndGlobalSection
	GlobalSection(ExtensibilityGlobals) = postSolution
		SolutionGuid = {B69F8135-D15F-4629-98EB-FDB0CE7BCBFF}
	EndGlobalSection
EndGlobal
